
Microsoft Visual Studio Solution File, Format Version 12.00
# Visual Studio Version 17
VisualStudioVersion = 17.4.33122.133
MinimumVisualStudioVersion = 10.0.40219.1
Project("{FAE04EC0-301F-11D3-BF4B-00C04F79EFBC}") = "TableTop_Robot", "TableTop_Robot\TableTop_Robot.csproj", "{298FC7AC-5466-4542-8639-A4139979415B}"
EndProject
Global
	GlobalSection(SolutionConfigurationPlatforms) = preSolution
		Debug|Any CPU = Debug|Any CPU
		Release|Any CPU = Release|Any CPU
	EndGlobalSection
	GlobalSection(ProjectConfigurationPlatforms) = postSolution
		{298FC7AC-5466-4542-8639-A4139979415B}.Debug|Any CPU.ActiveCfg = Debug|Any CPU
		{298FC7AC-5466-4542-8639-A4139979415B}.Debug|Any CPU.Build.0 = Debug|Any CPU
		{298FC7AC-5466-4542-8639-A4139979415B}.Release|Any CPU.ActiveCfg = Release|Any CPU
		{298FC7AC-5466-4542-8639-A4139979415B}.Release|Any CPU.Build.0 = Release|Any CPU
	EndGlobalSection
	GlobalSection(SolutionProperties) = preSolution
		HideSolutionNode = FALSE
	EndGlobalSection
	GlobalSection(ExtensibilityGlobals) = postSolution
		SolutionGuid = {EA308A35-5202-42B6-B082-08E831EFA11B}
	EndGlobalSection
EndGlobal
